
Microsoft Visual Studio Solution File, Format Version 12.00
# Visual Studio Version 17
VisualStudioVersion = 17.1.32319.34
MinimumVisualStudioVersion = 10.0.40219.1
Project("{FAE04EC0-301F-11D3-BF4B-00C04F79EFBC}") = "ConsumeAPI", "ConsumeAPI\ConsumeAPI.csproj", "{12C462AE-A93D-4941-A47D-0535FC2E114C}"
EndProject
Global
	GlobalSection(SolutionConfigurationPlatforms) = preSolution
		Debug|Any CPU = Debug|Any CPU
		Release|Any CPU = Release|Any CPU
	EndGlobalSection
	GlobalSection(ProjectConfigurationPlatforms) = postSolution
		{12C462AE-A93D-4941-A47D-0535FC2E114C}.Debug|Any CPU.ActiveCfg = Debug|Any CPU
		{12C462AE-A93D-4941-A47D-0535FC2E114C}.Debug|Any CPU.Build.0 = Debug|Any CPU
		{12C462AE-A93D-4941-A47D-0535FC2E114C}.Release|Any CPU.ActiveCfg = Release|Any CPU
		{12C462AE-A93D-4941-A47D-0535FC2E114C}.Release|Any CPU.Build.0 = Release|Any CPU
	EndGlobalSection
	GlobalSection(SolutionProperties) = preSolution
		HideSolutionNode = FALSE
	EndGlobalSection
	GlobalSection(ExtensibilityGlobals) = postSolution
		SolutionGuid = {CE549490-4088-41BC-A818-77CB20A71A9E}
	EndGlobalSection
EndGlobal
